Microsoft Visual Studio Solution File, Format Version 7.00
Project("{8BC9CEB8-8B4A-11D0-8D11-00A0C91BC942}") = "Prime95", "prime95.vcproj", "{12CE8FC3-4697-4DF8-8111-196225B01F11}"
EndProject
Global
	GlobalSection(SolutionConfiguration) = preSolution
		ConfigName.0 = Debug
		ConfigName.1 = Release
	EndGlobalSection
	GlobalSection(ProjectDependencies) = postSolution
	EndGlobalSection
	GlobalSection(ProjectConfiguration) = postSolution
		{12CE8FC3-4697-4DF8-8111-196225B01F11}.Debug.ActiveCfg = Debug|Win32
		{12CE8FC3-4697-4DF8-8111-196225B01F11}.Debug.Build.0 = Debug|Win32
		{12CE8FC3-4697-4DF8-8111-196225B01F11}.Release.ActiveCfg = Release|Win32
		{12CE8FC3-4697-4DF8-8111-196225B01F11}.Release.Build.0 = Release|Win32
	EndGlobalSection
	GlobalSection(ExtensibilityGlobals) = postSolution
	EndGlobalSection
	GlobalSection(ExtensibilityAddIns) = postSolution
	EndGlobalSection
EndGlobal
